<?xml version="1.0" encoding="utf-8"?>
<Project ToolsVersion="4.0" xmlns="http://schemas.microsoft.com/developer/msbuild/2003">
  <ItemGroup>
    <Filter Include="Source Files">
      <UniqueIdentifier>{4FC737F1-C7A5-4376-A066-2A32D752A2FF}</UniqueIdentifier>
      <Extensions>cpp;c;cc;cxx;def;odl;idl;hpj;bat;asm;asmx</Extensions>
    </Filter>
    <Filter Include="Header Files">
      <UniqueIdentifier>{93995380-89BD-4b04-88EB-625FBE52EBFB}</UniqueIdentifier>
      <Extensions>h;hh;hpp;hxx;hm;inl;inc;xsd</Extensions>
    </Filter>
    <Filter Include="Build Files">
      <UniqueIdentifier>{b416d8f5-c856-4e34-b029-5503c4418076}</UniqueIdentifier>
    </Filter>
    <Filter Include="Header Files\crt">
      <UniqueIdentifier>{00027fcb-a4e5-4b2d-ae12-c42a93cc902e}</UniqueIdentifier>
    </Filter>
    <Filter Include="Source Files\crt">
      <UniqueIdentifier>{b345e19f-4810-4556-8afe-8a7e9d44017b}</UniqueIdentifier>
    </Filter>
    <Filter Include="Header Files\kernel">
      <UniqueIdentifier>{e72ee62e-dfeb-43ed-be69-ed47068bcd35}</UniqueIdentifier>
    </Filter>
    <Filter Include="Source Files\kernel">
      <UniqueIdentifier>{fb8f1645-eec0-47c0-8999-524c2ec842ea}</UniqueIdentifier>
    </Filter>
    <Filter Include="Header Files\multiboot">
      <UniqueIdentifier>{8deae3ee-550b-4669-9fd9-69de5d2f0d13}</UniqueIdentifier>
    </Filter>
    <Filter Include="Source Files\multiboot">
      <UniqueIdentifier>{ee3c551f-ee9e-4070-b3b8-3c145004367c}</UniqueIdentifier>
    </Filter>
    <Filter Include="Header Files\memory">
      <UniqueIdentifier>{3551f36e-724e-41f5-8ad9-16754a56dfae}</UniqueIdentifier>
    </Filter>
    <Filter Include="Source Files\memory">
      <UniqueIdentifier>{a93ab6ad-c27d-40d7-b072-c82f8ec53f00}</UniqueIdentifier>
    </Filter>
    <Filter Include="Header Files\debug">
      <UniqueIdentifier>{1e378f34-4ced-4f47-8b97-beb82239b67a}</UniqueIdentifier>
    </Filter>
    <Filter Include="Source Files\debug">
      <UniqueIdentifier>{3d60f554-6b7c-4fcf-83ed-87f4a6656d56}</UniqueIdentifier>
    </Filter>
    <Filter Include="Header Files\status">
      <UniqueIdentifier>{e373363b-c215-4029-b6bb-7f65f4cd6748}</UniqueIdentifier>
    </Filter>
    <Filter Include="Autogenerated">
      <UniqueIdentifier>{aabb3bbd-a6a8-4835-997f-40b4f769ed2f}</UniqueIdentifier>
    </Filter>
  </ItemGroup>
  <ItemGroup>
    <ClCompile Include="main.c">
      <Filter>Source Files</Filter>
    </ClCompile>
    <ClCompile Include="screen.c">
      <Filter>Source Files</Filter>
    </ClCompile>
    <ClCompile Include="string.c">
      <Filter>Source Files\crt</Filter>
    </ClCompile>
    <ClCompile Include="memory.c">
      <Filter>Source Files\crt</Filter>
    </ClCompile>
    <ClCompile Include="snprintf.c">
      <Filter>Source Files\crt</Filter>
    </ClCompile>
    <ClCompile Include="log.c">
      <Filter>Source Files\crt</Filter>
    </ClCompile>
    <ClCompile Include="pic.c">
      <Filter>Source Files\kernel</Filter>
    </ClCompile>
    <ClCompile Include="mb_util.c">
      <Filter>Source Files\multiboot</Filter>
    </ClCompile>
    <ClCompile Include="memmap.c">
      <Filter>Source Files\memory</Filter>
    </ClCompile>
    <ClCompile Include="kernel.c">
      <Filter>Source Files\kernel</Filter>
    </ClCompile>
    <ClCompile Include="physmemmgr.c">
      <Filter>Source Files\memory</Filter>
    </ClCompile>
    <ClCompile Include="panic.c">
      <Filter>Source Files\debug</Filter>
    </ClCompile>
    <ClCompile Include="debugger.c">
      <Filter>Source Files\debug</Filter>
    </ClCompile>
    <ClCompile Include="mem.c">
      <Filter>Source Files\memory</Filter>
    </ClCompile>
    <ClCompile Include="virtmemmgr.c">
      <Filter>Source Files\memory</Filter>
    </ClCompile>
    <ClCompile Include="kpool.c">
      <Filter>Source Files\memory</Filter>
    </ClCompile>
    <ClCompile Include="excp.c">
      <Filter>Source Files\kernel</Filter>
    </ClCompile>
    <ClCompile Include="dtr.c">
      <Filter>Source Files\kernel</Filter>
    </ClCompile>
    <ClCompile Include="timer.c">
      <Filter>Source Files\kernel</Filter>
    </ClCompile>
    <ClCompile Include="rtc.c">
      <Filter>Source Files\kernel</Filter>
    </ClCompile>
    <ClCompile Include="serial.c">
      <Filter>Source Files\kernel</Filter>
    </ClCompile>
    <ClCompile Include="keyboard.c">
      <Filter>Source Files\kernel</Filter>
    </ClCompile>
  </ItemGroup>
  <ItemGroup>
    <ClInclude Include="boot.h">
      <Filter>Header Files</Filter>
    </ClInclude>
    <ClInclude Include="defs.h">
      <Filter>Header Files</Filter>
    </ClInclude>
    <ClInclude Include="screen.h">
      <Filter>Header Files</Filter>
    </ClInclude>
    <ClInclude Include="string.h">
      <Filter>Header Files\crt</Filter>
    </ClInclude>
    <ClInclude Include="varargs.h">
      <Filter>Header Files\crt</Filter>
    </ClInclude>
    <ClInclude Include="memory.h">
      <Filter>Header Files\crt</Filter>
    </ClInclude>
    <ClInclude Include="limits.h">
      <Filter>Header Files\crt</Filter>
    </ClInclude>
    <ClInclude Include="log.h">
      <Filter>Header Files\crt</Filter>
    </ClInclude>
    <ClInclude Include="pic.h">
      <Filter>Header Files\kernel</Filter>
    </ClInclude>
    <ClInclude Include="multiboot.h">
      <Filter>Header Files\multiboot</Filter>
    </ClInclude>
    <ClInclude Include="mbflg.h">
      <Filter>Header Files\multiboot</Filter>
    </ClInclude>
    <ClInclude Include="mb_util.h">
      <Filter>Header Files\multiboot</Filter>
    </ClInclude>
    <ClInclude Include="memmap.h">
      <Filter>Header Files\memory</Filter>
    </ClInclude>
    <ClInclude Include="physmemmgr.h">
      <Filter>Header Files\memory</Filter>
    </ClInclude>
    <ClInclude Include="memdefs.h">
      <Filter>Header Files\memory</Filter>
    </ClInclude>
    <ClInclude Include="kernel.h">
      <Filter>Header Files\kernel</Filter>
    </ClInclude>
    <ClInclude Include="panic.h">
      <Filter>Header Files\debug</Filter>
    </ClInclude>
    <ClInclude Include="debugger.h">
      <Filter>Header Files\debug</Filter>
    </ClInclude>
    <ClInclude Include="ntstatus.h">
      <Filter>Header Files\status</Filter>
    </ClInclude>
    <ClInclude Include="mem.h">
      <Filter>Header Files\memory</Filter>
    </ClInclude>
    <ClInclude Include="virtmemmgr.h">
      <Filter>Header Files\memory</Filter>
    </ClInclude>
    <ClInclude Include="winlists.h">
      <Filter>Header Files</Filter>
    </ClInclude>
    <ClInclude Include="kpool.h">
      <Filter>Header Files\memory</Filter>
    </ClInclude>
    <ClInclude Include="dtr.h">
      <Filter>Header Files\kernel</Filter>
    </ClInclude>
    <ClInclude Include="cpudefs.h">
      <Filter>Header Files</Filter>
    </ClInclude>
    <ClInclude Include="timer.h">
      <Filter>Header Files\kernel</Filter>
    </ClInclude>
    <ClInclude Include="rtc.h">
      <Filter>Header Files\kernel</Filter>
    </ClInclude>
    <ClInclude Include="serial.h">
      <Filter>Header Files\kernel</Filter>
    </ClInclude>
    <ClInclude Include="autogenerated\buildinfo.h">
      <Filter>Autogenerated</Filter>
    </ClInclude>
    <ClInclude Include="keyboard.h">
      <Filter>Header Files\kernel</Filter>
    </ClInclude>
  </ItemGroup>
  <ItemGroup>
    <None Include="postbuild.cmd">
      <Filter>Build Files</Filter>
    </None>
  </ItemGroup>
  <ItemGroup>
    <YASM Include="__init.yasm" />
    <YASM Include="hwexcp.yasm">
      <Filter>Source Files\kernel</Filter>
    </YASM>
  </ItemGroup>
</Project>